
Microsoft Visual Studio Solution File, Format Version 12.00
# Visual Studio Version 16
VisualStudioVersion = 16.0.30204.135
MinimumVisualStudioVersion = 10.0.40219.1
Project("{9A19103F-16F7-4668-BE54-9A1E7A4F7556}") = "BattleShipStateTracker.Core", "BattleShipStateTracker.Core\BattleShipStateTracker.Core.csproj", "{61907E5B-E14F-4489-B39C-357BC0B0A4A3}"
EndProject
Project("{FAE04EC0-301F-11D3-BF4B-00C04F79EFBC}") = "BattleShipStateTracker.Test", "BattleShipStateTracker.Test\BattleShipStateTracker.Test.csproj", "{0206E011-AEFD-4FD3-AE32-DBE92BCA3998}"
EndProject
Global
	GlobalSection(SolutionConfigurationPlatforms) = preSolution
		Debug|Any CPU = Debug|Any CPU
		Release|Any CPU = Release|Any CPU
	EndGlobalSection
	GlobalSection(ProjectConfigurationPlatforms) = postSolution
		{61907E5B-E14F-4489-B39C-357BC0B0A4A3}.Debug|Any CPU.ActiveCfg = Debug|Any CPU
		{61907E5B-E14F-4489-B39C-357BC0B0A4A3}.Debug|Any CPU.Build.0 = Debug|Any CPU
		{61907E5B-E14F-4489-B39C-357BC0B0A4A3}.Release|Any CPU.ActiveCfg = Release|Any CPU
		{61907E5B-E14F-4489-B39C-357BC0B0A4A3}.Release|Any CPU.Build.0 = Release|Any CPU
		{0206E011-AEFD-4FD3-AE32-DBE92BCA3998}.Debug|Any CPU.ActiveCfg = Debug|Any CPU
		{0206E011-AEFD-4FD3-AE32-DBE92BCA3998}.Debug|Any CPU.Build.0 = Debug|Any CPU
		{0206E011-AEFD-4FD3-AE32-DBE92BCA3998}.Release|Any CPU.ActiveCfg = Release|Any CPU
		{0206E011-AEFD-4FD3-AE32-DBE92BCA3998}.Release|Any CPU.Build.0 = Release|Any CPU
	EndGlobalSection
	GlobalSection(SolutionProperties) = preSolution
		HideSolutionNode = FALSE
	EndGlobalSection
	GlobalSection(ExtensibilityGlobals) = postSolution
		SolutionGuid = {4796A28E-342D-48D6-BE63-77AC61501DE3}
	EndGlobalSection
EndGlobal
